
Microsoft Visual Studio Solution File, Format Version 12.00
# Visual Studio Version 17
VisualStudioVersion = 17.6.33723.286
MinimumVisualStudioVersion = 10.0.40219.1
Project("{FAE04EC0-301F-11D3-BF4B-00C04F79EFBC}") = "WebApi", "WebApi\WebApi.csproj", "{6739DF5A-08DC-42F8-9D08-977207FCEDF0}"
EndProject
Project("{FAE04EC0-301F-11D3-BF4B-00C04F79EFBC}") = "Persistence", "Persistence\Persistence.csproj", "{21A0D042-F780-4119-9731-ECBC4B2C24A8}"
EndProject
Project("{FAE04EC0-301F-11D3-BF4B-00C04F79EFBC}") = "Domain", "Domain\Domain.csproj", "{E26C7F6F-FC09-4274-A4BD-299A8DACD6D3}"
EndProject
Project("{FAE04EC0-301F-11D3-BF4B-00C04F79EFBC}") = "Application", "Application\Application.csproj", "{7A15CF19-8920-4EC7-8167-0E9AFD0D8532}"
EndProject
Project("{FAE04EC0-301F-11D3-BF4B-00C04F79EFBC}") = "Infrastructure", "Infrastructure\Infrastructure.csproj", "{DEB1208F-2122-4335-8839-7C13E79885DC}"
EndProject
Global
	GlobalSection(SolutionConfigurationPlatforms) = preSolution
		Debug|Any CPU = Debug|Any CPU
		Release|Any CPU = Release|Any CPU
	EndGlobalSection
	GlobalSection(ProjectConfigurationPlatforms) = postSolution
		{6739DF5A-08DC-42F8-9D08-977207FCEDF0}.Debug|Any CPU.ActiveCfg = Debug|Any CPU
		{6739DF5A-08DC-42F8-9D08-977207FCEDF0}.Debug|Any CPU.Build.0 = Debug|Any CPU
		{6739DF5A-08DC-42F8-9D08-977207FCEDF0}.Release|Any CPU.ActiveCfg = Release|Any CPU
		{6739DF5A-08DC-42F8-9D08-977207FCEDF0}.Release|Any CPU.Build.0 = Release|Any CPU
		{21A0D042-F780-4119-9731-ECBC4B2C24A8}.Debug|Any CPU.ActiveCfg = Debug|Any CPU
		{21A0D042-F780-4119-9731-ECBC4B2C24A8}.Debug|Any CPU.Build.0 = Debug|Any CPU
		{21A0D042-F780-4119-9731-ECBC4B2C24A8}.Release|Any CPU.ActiveCfg = Release|Any CPU
		{21A0D042-F780-4119-9731-ECBC4B2C24A8}.Release|Any CPU.Build.0 = Release|Any CPU
		{E26C7F6F-FC09-4274-A4BD-299A8DACD6D3}.Debug|Any CPU.ActiveCfg = Debug|Any CPU
		{E26C7F6F-FC09-4274-A4BD-299A8DACD6D3}.Debug|Any CPU.Build.0 = Debug|Any CPU
		{E26C7F6F-FC09-4274-A4BD-299A8DACD6D3}.Release|Any CPU.ActiveCfg = Release|Any CPU
		{E26C7F6F-FC09-4274-A4BD-299A8DACD6D3}.Release|Any CPU.Build.0 = Release|Any CPU
		{7A15CF19-8920-4EC7-8167-0E9AFD0D8532}.Debug|Any CPU.ActiveCfg = Debug|Any CPU
		{7A15CF19-8920-4EC7-8167-0E9AFD0D8532}.Debug|Any CPU.Build.0 = Debug|Any CPU
		{7A15CF19-8920-4EC7-8167-0E9AFD0D8532}.Release|Any CPU.ActiveCfg = Release|Any CPU
		{7A15CF19-8920-4EC7-8167-0E9AFD0D8532}.Release|Any CPU.Build.0 = Release|Any CPU
		{DEB1208F-2122-4335-8839-7C13E79885DC}.Debug|Any CPU.ActiveCfg = Debug|Any CPU
		{DEB1208F-2122-4335-8839-7C13E79885DC}.Debug|Any CPU.Build.0 = Debug|Any CPU
		{DEB1208F-2122-4335-8839-7C13E79885DC}.Release|Any CPU.ActiveCfg = Release|Any CPU
		{DEB1208F-2122-4335-8839-7C13E79885DC}.Release|Any CPU.Build.0 = Release|Any CPU
	EndGlobalSection
	GlobalSection(SolutionProperties) = preSolution
		HideSolutionNode = FALSE
	EndGlobalSection
	GlobalSection(ExtensibilityGlobals) = postSolution
		SolutionGuid = {17E1F8A3-CE69-427E-8010-2CCBFC51D6D9}
	EndGlobalSection
EndGlobal
